
Microsoft Visual Studio Solution File, Format Version 12.00
# Visual Studio Version 16
VisualStudioVersion = 16.0.30804.86
MinimumVisualStudioVersion = 10.0.40219.1
Project("{8BC9CEB8-8B4A-11D0-8D11-00A0C91BC942}") = "DiscordTokenProtector", "DiscordTokenProtector\DiscordTokenProtector.vcxproj", "{83DABD03-F840-4BF5-A090-859F73A3E9EF}"
EndProject
Project("{8BC9CEB8-8B4A-11D0-8D11-00A0C91BC942}") = "ProtectionPayload", "ProtectionPayload\ProtectionPayload.vcxproj", "{D0E45CD8-EEB4-4448-9E50-893266B0CED9}"
EndProject
Global
	GlobalSection(SolutionConfigurationPlatforms) = preSolution
		Debug|x64 = Debug|x64
		Debug|x86 = Debug|x86
		PROD|x64 = PROD|x64
		PROD|x86 = PROD|x86
		PROD-NOSTARTUP|x64 = PROD-NOSTARTUP|x64
		PROD-NOSTARTUP|x86 = PROD-NOSTARTUP|x86
		Release|x64 = Release|x64
		Release|x86 = Release|x86
	EndGlobalSection
	GlobalSection(ProjectConfigurationPlatforms) = postSolution
		{83DABD03-F840-4BF5-A090-859F73A3E9EF}.Debug|x64.ActiveCfg = Debug|x64
		{83DABD03-F840-4BF5-A090-859F73A3E9EF}.Debug|x64.Build.0 = Debug|x64
		{83DABD03-F840-4BF5-A090-859F73A3E9EF}.Debug|x86.ActiveCfg = Debug|Win32
		{83DABD03-F840-4BF5-A090-859F73A3E9EF}.Debug|x86.Build.0 = Debug|Win32
		{83DABD03-F840-4BF5-A090-859F73A3E9EF}.PROD|x64.ActiveCfg = PROD|x64
		{83DABD03-F840-4BF5-A090-859F73A3E9EF}.PROD|x64.Build.0 = PROD|x64
		{83DABD03-F840-4BF5-A090-859F73A3E9EF}.PROD|x86.ActiveCfg = PROD|Win32
		{83DABD03-F840-4BF5-A090-859F73A3E9EF}.PROD|x86.Build.0 = PROD|Win32
		{83DABD03-F840-4BF5-A090-859F73A3E9EF}.PROD-NOSTARTUP|x64.ActiveCfg = PROD-NOSTARTUP|x64
		{83DABD03-F840-4BF5-A090-859F73A3E9EF}.PROD-NOSTARTUP|x64.Build.0 = PROD-NOSTARTUP|x64
		{83DABD03-F840-4BF5-A090-859F73A3E9EF}.PROD-NOSTARTUP|x86.ActiveCfg = PROD-NOSTARTUP|Win32
		{83DABD03-F840-4BF5-A090-859F73A3E9EF}.PROD-NOSTARTUP|x86.Build.0 = PROD-NOSTARTUP|Win32
		{83DABD03-F840-4BF5-A090-859F73A3E9EF}.Release|x64.ActiveCfg = Release|x64
		{83DABD03-F840-4BF5-A090-859F73A3E9EF}.Release|x64.Build.0 = Release|x64
		{83DABD03-F840-4BF5-A090-859F73A3E9EF}.Release|x86.ActiveCfg = Release|Win32
		{83DABD03-F840-4BF5-A090-859F73A3E9EF}.Release|x86.Build.0 = Release|Win32
		{D0E45CD8-EEB4-4448-9E50-893266B0CED9}.Debug|x64.ActiveCfg = Debug|x64
		{D0E45CD8-EEB4-4448-9E50-893266B0CED9}.Debug|x64.Build.0 = Debug|x64
		{D0E45CD8-EEB4-4448-9E50-893266B0CED9}.Debug|x86.ActiveCfg = Debug|Win32
		{D0E45CD8-EEB4-4448-9E50-893266B0CED9}.Debug|x86.Build.0 = Debug|Win32
		{D0E45CD8-EEB4-4448-9E50-893266B0CED9}.PROD|x64.ActiveCfg = PROD|x64
		{D0E45CD8-EEB4-4448-9E50-893266B0CED9}.PROD|x64.Build.0 = PROD|x64
		{D0E45CD8-EEB4-4448-9E50-893266B0CED9}.PROD|x86.ActiveCfg = PROD|Win32
		{D0E45CD8-EEB4-4448-9E50-893266B0CED9}.PROD|x86.Build.0 = PROD|Win32
		{D0E45CD8-EEB4-4448-9E50-893266B0CED9}.PROD-NOSTARTUP|x64.ActiveCfg = PROD|x64
		{D0E45CD8-EEB4-4448-9E50-893266B0CED9}.PROD-NOSTARTUP|x64.Build.0 = PROD|x64
		{D0E45CD8-EEB4-4448-9E50-893266B0CED9}.PROD-NOSTARTUP|x86.ActiveCfg = PROD|Win32
		{D0E45CD8-EEB4-4448-9E50-893266B0CED9}.PROD-NOSTARTUP|x86.Build.0 = PROD|Win32
		{D0E45CD8-EEB4-4448-9E50-893266B0CED9}.Release|x64.ActiveCfg = Release|x64
		{D0E45CD8-EEB4-4448-9E50-893266B0CED9}.Release|x64.Build.0 = Release|x64
		{D0E45CD8-EEB4-4448-9E50-893266B0CED9}.Release|x86.ActiveCfg = Release|Win32
		{D0E45CD8-EEB4-4448-9E50-893266B0CED9}.Release|x86.Build.0 = Release|Win32
	EndGlobalSection
	GlobalSection(SolutionProperties) = preSolution
		HideSolutionNode = FALSE
	EndGlobalSection
	GlobalSection(ExtensibilityGlobals) = postSolution
		SolutionGuid = {BEC237C3-1C8F-407C-B3C9-0C87FC12D186}
	EndGlobalSection
EndGlobal
