<?xml version="1.0" encoding="utf-8"?>
<Project ToolsVersion="4.0" xmlns="http://schemas.microsoft.com/developer/msbuild/2003">
  <ItemGroup>
    <Filter Include="Fichiers sources">
      <UniqueIdentifier>{4FC737F1-C7A5-4376-A066-2A32D752A2FF}</UniqueIdentifier>
      <Extensions>cpp;c;cc;cxx;c++;cppm;ixx;def;odl;idl;hpj;bat;asm;asmx</Extensions>
    </Filter>
    <Filter Include="Fichiers d%27en-tête">
      <UniqueIdentifier>{93995380-89BD-4b04-88EB-625FBE52EBFB}</UniqueIdentifier>
      <Extensions>h;hh;hpp;hxx;h++;hm;inl;inc;ipp;xsd</Extensions>
    </Filter>
    <Filter Include="Fichiers de ressources">
      <UniqueIdentifier>{67DA6AB6-F800-4c08-8B7A-83BB121AAD01}</UniqueIdentifier>
      <Extensions>rc;ico;cur;bmp;dlg;rc2;rct;bin;rgs;gif;jpg;jpeg;jpe;resx;tiff;tif;png;wav;mfcribbon-ms</Extensions>
    </Filter>
    <Filter Include="Fichiers d%27en-tête\Protection">
      <UniqueIdentifier>{df745ef4-b5a0-4b5a-b7bd-36db03c7cb52}</UniqueIdentifier>
    </Filter>
    <Filter Include="Fichiers sources\Protection">
      <UniqueIdentifier>{81cb8c37-9e28-4720-a472-a5b9066794fc}</UniqueIdentifier>
    </Filter>
    <Filter Include="Fichiers d%27en-tête\Utils">
      <UniqueIdentifier>{936dee21-c58c-405e-b6c3-1076ceb1c696}</UniqueIdentifier>
    </Filter>
    <Filter Include="Fichiers sources\Utils">
      <UniqueIdentifier>{d1e1df07-ce9a-4d92-89c1-c9b73b63741f}</UniqueIdentifier>
    </Filter>
    <Filter Include="Fichiers d%27en-tête\Network">
      <UniqueIdentifier>{3e25398e-40c1-4425-b607-58465ec564c3}</UniqueIdentifier>
    </Filter>
    <Filter Include="Fichiers sources\Network">
      <UniqueIdentifier>{583128ac-36ba-4e0e-b1cf-c83b9b319c93}</UniqueIdentifier>
    </Filter>
    <Filter Include="Fichiers d%27en-tête\Crypto">
      <UniqueIdentifier>{835dd63c-79e0-4e1b-a363-8140f94201f2}</UniqueIdentifier>
    </Filter>
    <Filter Include="Fichiers sources\Crypto">
      <UniqueIdentifier>{ca825959-1d90-4639-9424-7d0097a198e3}</UniqueIdentifier>
    </Filter>
    <Filter Include="Fichiers d%27en-tête\Storage">
      <UniqueIdentifier>{a9997e48-54b8-4fbe-91b1-60ae4f7ef7b1}</UniqueIdentifier>
    </Filter>
    <Filter Include="Fichiers sources\Storage">
      <UniqueIdentifier>{83d6c7ad-139b-4ae9-9db4-e89790e085af}</UniqueIdentifier>
    </Filter>
    <Filter Include="Fichiers d%27en-tête\Menu">
      <UniqueIdentifier>{263634ea-97ea-469b-a78f-0416bfbc0ca0}</UniqueIdentifier>
    </Filter>
    <Filter Include="Fichiers sources\Menu">
      <UniqueIdentifier>{b81df5f9-f548-4ee9-8459-d622c61e7e89}</UniqueIdentifier>
    </Filter>
  </ItemGroup>
  <ItemGroup>
    <ClCompile Include="DiscordTokenProtector.cpp">
      <Filter>Fichiers sources</Filter>
    </ClCompile>
    <ClCompile Include="Protection\ProcessProtection.cpp">
      <Filter>Fichiers sources\Protection</Filter>
    </ClCompile>
    <ClCompile Include="Protection\FileCert.cpp">
      <Filter>Fichiers sources\Protection</Filter>
    </ClCompile>
    <ClCompile Include="Discord.cpp">
      <Filter>Fichiers sources</Filter>
    </ClCompile>
    <ClCompile Include="Protection\FolderRemover.cpp">
      <Filter>Fichiers sources\Protection</Filter>
    </ClCompile>
    <ClCompile Include="Utils\Logger.cpp">
      <Filter>Fichiers sources\Utils</Filter>
    </ClCompile>
    <ClCompile Include="Crypto\Crypto.cpp">
      <Filter>Fichiers sources\Crypto</Filter>
    </ClCompile>
    <ClCompile Include="Network\NetworkManager.cpp">
      <Filter>Fichiers sources\Network</Filter>
    </ClCompile>
    <ClCompile Include="Storage\Config.cpp">
      <Filter>Fichiers sources\Storage</Filter>
    </ClCompile>
    <ClCompile Include="Storage\SecureKV.cpp">
      <Filter>Fichiers sources\Storage</Filter>
    </ClCompile>
    <ClCompile Include="Menu\Menu.cpp">
      <Filter>Fichiers sources\Menu</Filter>
    </ClCompile>
    <ClCompile Include="Menu\ImGuiAddon.cpp">
      <Filter>Fichiers sources\Menu</Filter>
    </ClCompile>
    <ClCompile Include="Protection\IntegrityCheck.cpp">
      <Filter>Fichiers sources\Protection</Filter>
    </ClCompile>
  </ItemGroup>
  <ItemGroup>
    <ClInclude Include="Includes.h">
      <Filter>Fichiers d%27en-tête</Filter>
    </ClInclude>
    <ClInclude Include="Protection\ProcessProtection.h">
      <Filter>Fichiers d%27en-tête\Protection</Filter>
    </ClInclude>
    <ClInclude Include="Protection\FileCert.h">
      <Filter>Fichiers d%27en-tête\Protection</Filter>
    </ClInclude>
    <ClInclude Include="Discord.h">
      <Filter>Fichiers d%27en-tête</Filter>
    </ClInclude>
    <ClInclude Include="Protection\FolderRemover.h">
      <Filter>Fichiers d%27en-tête\Protection</Filter>
    </ClInclude>
    <ClInclude Include="Utils\CurlUtils.h">
      <Filter>Fichiers d%27en-tête\Utils</Filter>
    </ClInclude>
    <ClInclude Include="Utils\Utils.h">
      <Filter>Fichiers d%27en-tête\Utils</Filter>
    </ClInclude>
    <ClInclude Include="Utils\Logger.h">
      <Filter>Fichiers d%27en-tête\Utils</Filter>
    </ClInclude>
    <ClInclude Include="Crypto\Crypto.h">
      <Filter>Fichiers d%27en-tête\Crypto</Filter>
    </ClInclude>
    <ClInclude Include="Network\NetworkManager.h">
      <Filter>Fichiers d%27en-tête\Network</Filter>
    </ClInclude>
    <ClInclude Include="Crypto\CryptoUtils.h">
      <Filter>Fichiers d%27en-tête\Crypto</Filter>
    </ClInclude>
    <ClInclude Include="Storage\Config.h">
      <Filter>Fichiers d%27en-tête\Storage</Filter>
    </ClInclude>
    <ClInclude Include="Storage\SecureKV.h">
      <Filter>Fichiers d%27en-tête\Storage</Filter>
    </ClInclude>
    <ClInclude Include="Context.h">
      <Filter>Fichiers d%27en-tête</Filter>
    </ClInclude>
    <ClInclude Include="Utils\Timer.h">
      <Filter>Fichiers d%27en-tête\Utils</Filter>
    </ClInclude>
    <ClInclude Include="resource.h">
      <Filter>Fichiers d%27en-tête</Filter>
    </ClInclude>
    <ClInclude Include="Menu\Menu.h">
      <Filter>Fichiers d%27en-tête\Menu</Filter>
    </ClInclude>
    <ClInclude Include="Menu\FrameRateLimiter.h">
      <Filter>Fichiers d%27en-tête\Menu</Filter>
    </ClInclude>
    <ClInclude Include="Menu\Colors.h">
      <Filter>Fichiers d%27en-tête\Menu</Filter>
    </ClInclude>
    <ClInclude Include="Menu\ImGuiAddon.h">
      <Filter>Fichiers d%27en-tête\Menu</Filter>
    </ClInclude>
    <ClInclude Include="Protection\IntegrityCheck.h">
      <Filter>Fichiers d%27en-tête\Protection</Filter>
    </ClInclude>
  </ItemGroup>
  <ItemGroup>
    <ResourceCompile Include="DiscordTokenProtector.rc">
      <Filter>Fichiers de ressources</Filter>
    </ResourceCompile>
  </ItemGroup>
  <ItemGroup>
    <Image Include="512x icon.ico">
      <Filter>Fichiers de ressources</Filter>
    </Image>
  </ItemGroup>
</Project>